{
  "version": 4,
  "terraform_version": "1.8.2",
  "serial": 74,
  "lineage": "f2cb2bff-84df-1b40-47e2-19237219a6b0",
  "outputs": {
    "logging_bucket": {
      "value": "jsc-dev-logging-s3",
      "type": "string"
    },
    "state_bucket": {
      "value": "jsc-dev-state-s3",
      "type": "string"
    }
  },
  "resources": [
    {
      "mode": "data",
      "type": "aws_iam_policy_document",
      "name": "permissions_policy_document",
      "provider": "provider[\"registry.terraform.io/hashicorp/aws\"]",
      "instances": [
        {
          "schema_version": 0,
          "attributes": {
            "id": "1072101297",
            "json": "{\n  \"Version\": \"2012-10-17\",\n  \"Statement\": [\n    {\n      \"Effect\": \"Allow\",\n      \"Action\": \"s3:CreateBucket\",\n      \"Resource\": \"*\"\n    }\n  ]\n}",
            "override_json": null,
            "override_policy_documents": null,
            "policy_id": null,
            "source_json": null,
            "source_policy_documents": null,
            "statement": [
              {
                "actions": [
                  "s3:CreateBucket"
                ],
                "condition": [],
                "effect": "Allow",
                "not_actions": [],
                "not_principals": [],
                "not_resources": [],
                "principals": [],
                "resources": [
                  "*"
                ],
                "sid": ""
              }
            ],
            "version": "2012-10-17"
          },
          "sensitive_attributes": []
        }
      ]
    },
    {
      "mode": "data",
      "type": "aws_iam_policy_document",
      "name": "s3_policy_document",
      "provider": "provider[\"registry.terraform.io/hashicorp/aws\"]",
      "instances": [
        {
          "schema_version": 0,
          "attributes": {
            "id": "3538517150",
            "json": "{\n  \"Version\": \"2012-10-17\",\n  \"Statement\": [\n    {\n      \"Effect\": \"Allow\",\n      \"Action\": \"s3:ListAllMyBuckets\",\n      \"Resource\": \"arn:aws:s3:::*\"\n    },\n    {\n      \"Effect\": \"Allow\",\n      \"Action\": [\n        \"s3:PutObject\",\n        \"s3:GetObject\",\n        \"s3:DeleteObject\"\n      ],\n      \"Resource\": \"arn:aws:s3:::jsc-dev-state-s3/dev/terraform/.tfstate*\"\n    }\n  ]\n}",
            "override_json": null,
            "override_policy_documents": null,
            "policy_id": null,
            "source_json": null,
            "source_policy_documents": null,
            "statement": [
              {
                "actions": [
                  "s3:ListAllMyBuckets"
                ],
                "condition": [],
                "effect": "Allow",
                "not_actions": [],
                "not_principals": [],
                "not_resources": [],
                "principals": [],
                "resources": [
                  "arn:aws:s3:::*"
                ],
                "sid": ""
              },
              {
                "actions": [
                  "s3:DeleteObject",
                  "s3:GetObject",
                  "s3:PutObject"
                ],
                "condition": [],
                "effect": "Allow",
                "not_actions": [],
                "not_principals": [],
                "not_resources": [],
                "principals": [],
                "resources": [
                  "arn:aws:s3:::jsc-dev-state-s3/dev/terraform/.tfstate*"
                ],
                "sid": ""
              }
            ],
            "version": "2012-10-17"
          },
          "sensitive_attributes": []
        }
      ]
    },
    {
      "mode": "data",
      "type": "aws_iam_policy_document",
      "name": "terraform_bucket_policy_document",
      "provider": "provider[\"registry.terraform.io/hashicorp/aws\"]",
      "instances": [
        {
          "schema_version": 0,
          "attributes": {
            "id": "3582367373",
            "json": "{\n  \"Version\": \"2012-10-17\",\n  \"Statement\": [\n    {\n      \"Sid\": \"User List Bucket\",\n      \"Effect\": \"Allow\",\n      \"Action\": \"s3:ListBucket\",\n      \"Resource\": \"arn:aws:s3:::jsc-dev-state-s3\",\n      \"Principal\": {\n        \"AWS\": \"arn:aws:iam::637423274851:user/dev-terraform-user\"\n      }\n    },\n    {\n      \"Sid\": \"User Access state file\",\n      \"Effect\": \"Allow\",\n      \"Action\": [\n        \"s3:PutObject\",\n        \"s3:GetObject\",\n        \"s3:DeleteObject\"\n      ],\n      \"Resource\": \"arn:aws:s3:::jsc-dev-state-s3/dev/terraform/.tfstate*\",\n      \"Principal\": {\n        \"AWS\": \"arn:aws:iam::637423274851:user/dev-terraform-user\"\n      }\n    }\n  ]\n}",
            "override_json": null,
            "override_policy_documents": null,
            "policy_id": null,
            "source_json": null,
            "source_policy_documents": null,
            "statement": [
              {
                "actions": [
                  "s3:ListBucket"
                ],
                "condition": [],
                "effect": "Allow",
                "not_actions": [],
                "not_principals": [],
                "not_resources": [],
                "principals": [
                  {
                    "identifiers": [
                      "arn:aws:iam::637423274851:user/dev-terraform-user"
                    ],
                    "type": "AWS"
                  }
                ],
                "resources": [
                  "arn:aws:s3:::jsc-dev-state-s3"
                ],
                "sid": "User List Bucket"
              },
              {
                "actions": [
                  "s3:DeleteObject",
                  "s3:GetObject",
                  "s3:PutObject"
                ],
                "condition": [],
                "effect": "Allow",
                "not_actions": [],
                "not_principals": [],
                "not_resources": [],
                "principals": [
                  {
                    "identifiers": [
                      "arn:aws:iam::637423274851:user/dev-terraform-user"
                    ],
                    "type": "AWS"
                  }
                ],
                "resources": [
                  "arn:aws:s3:::jsc-dev-state-s3/dev/terraform/.tfstate*"
                ],
                "sid": "User Access state file"
              }
            ],
            "version": "2012-10-17"
          },
          "sensitive_attributes": []
        }
      ]
    },
    {
      "mode": "data",
      "type": "aws_iam_policy_document",
      "name": "terraform_user_policy_document",
      "provider": "provider[\"registry.terraform.io/hashicorp/aws\"]",
      "instances": [
        {
          "schema_version": 0,
          "attributes": {
            "id": "3012821948",
            "json": "{\n  \"Version\": \"2012-10-17\",\n  \"Statement\": [\n    {\n      \"Effect\": \"Allow\",\n      \"Action\": \"s3:ListAllMyBuckets\",\n      \"Resource\": \"arn:aws:s3:::*\"\n    },\n    {\n      \"Effect\": \"Allow\",\n      \"Action\": [\n        \"s3:PutObject\",\n        \"s3:GetObject\",\n        \"s3:DeleteObject\"\n      ],\n      \"Resource\": \"arn:aws:s3:::jsc-dev-state-s3/dev/terraform/.tfstate*\"\n    },\n    {\n      \"Effect\": \"Allow\",\n      \"Action\": \"s3:CreateBucket\",\n      \"Resource\": \"*\"\n    }\n  ]\n}",
            "override_json": null,
            "override_policy_documents": [
              "{\n  \"Version\": \"2012-10-17\",\n  \"Statement\": [\n    {\n      \"Effect\": \"Allow\",\n      \"Action\": \"s3:ListAllMyBuckets\",\n      \"Resource\": \"arn:aws:s3:::*\"\n    },\n    {\n      \"Effect\": \"Allow\",\n      \"Action\": [\n        \"s3:PutObject\",\n        \"s3:GetObject\",\n        \"s3:DeleteObject\"\n      ],\n      \"Resource\": \"arn:aws:s3:::jsc-dev-state-s3/dev/terraform/.tfstate*\"\n    }\n  ]\n}",
              "{\n  \"Version\": \"2012-10-17\",\n  \"Statement\": [\n    {\n      \"Effect\": \"Allow\",\n      \"Action\": \"s3:CreateBucket\",\n      \"Resource\": \"*\"\n    }\n  ]\n}"
            ],
            "policy_id": null,
            "source_json": null,
            "source_policy_documents": null,
            "statement": null,
            "version": "2012-10-17"
          },
          "sensitive_attributes": []
        }
      ]
    },
    {
      "mode": "managed",
      "type": "aws_iam_policy",
      "name": "terraform_user_policy",
      "provider": "provider[\"registry.terraform.io/hashicorp/aws\"]",
      "instances": [
        {
          "schema_version": 0,
          "attributes": {
            "arn": "arn:aws:iam::637423274851:policy/dev-terraform-user-policy",
            "attachment_count": 1,
            "description": "Set permissions for creating different pieces of infrastructure",
            "id": "arn:aws:iam::637423274851:policy/dev-terraform-user-policy",
            "name": "dev-terraform-user-policy",
            "name_prefix": "",
            "path": "/",
            "policy": "{\"Statement\":[{\"Action\":\"s3:ListAllMyBuckets\",\"Effect\":\"Allow\",\"Resource\":\"arn:aws:s3:::*\"},{\"Action\":[\"s3:PutObject\",\"s3:GetObject\",\"s3:DeleteObject\"],\"Effect\":\"Allow\",\"Resource\":\"arn:aws:s3:::jsc-dev-state-s3/dev/terraform/.tfstate*\"},{\"Action\":\"s3:CreateBucket\",\"Effect\":\"Allow\",\"Resource\":\"*\"}],\"Version\":\"2012-10-17\"}",
            "policy_id": "ANPAZI2LDJNRZ53KURCZK",
            "tags": {},
            "tags_all": {
              "owner": "jsc"
            }
          },
          "sensitive_attributes": [],
          "private": "bnVsbA==",
          "dependencies": [
            "aws_s3_bucket.terraform_bucket",
            "data.aws_iam_policy_document.permissions_policy_document",
            "data.aws_iam_policy_document.s3_policy_document",
            "data.aws_iam_policy_document.terraform_user_policy_document"
          ]
        }
      ]
    },
    {
      "mode": "managed",
      "type": "aws_iam_user",
      "name": "terraform_user",
      "provider": "provider[\"registry.terraform.io/hashicorp/aws\"]",
      "instances": [
        {
          "schema_version": 0,
          "attributes": {
            "arn": "arn:aws:iam::637423274851:user/dev-terraform-user",
            "force_destroy": false,
            "id": "dev-terraform-user",
            "name": "dev-terraform-user",
            "path": "/",
            "permissions_boundary": "",
            "tags": {
              "Environment": "jsc-dev",
              "Project": "jsc-Infrastructure"
            },
            "tags_all": {
              "Environment": "jsc-dev",
              "Project": "jsc-Infrastructure",
              "owner": "jsc"
            },
            "unique_id": "AIDAZI2LDJNR574B5DLMU"
          },
          "sensitive_attributes": [],
          "private": "bnVsbA=="
        }
      ]
    },
    {
      "mode": "managed",
      "type": "aws_iam_user_policy_attachment",
      "name": "terraform_user_policy_attachment",
      "provider": "provider[\"registry.terraform.io/hashicorp/aws\"]",
      "instances": [
        {
          "schema_version": 0,
          "attributes": {
            "id": "dev-terraform-user-20240429205508974400000001",
            "policy_arn": "arn:aws:iam::637423274851:policy/dev-terraform-user-policy",
            "user": "dev-terraform-user"
          },
          "sensitive_attributes": [],
          "private": "bnVsbA==",
          "dependencies": [
            "aws_iam_policy.terraform_user_policy",
            "aws_iam_user.terraform_user",
            "aws_s3_bucket.terraform_bucket",
            "data.aws_iam_policy_document.permissions_policy_document",
            "data.aws_iam_policy_document.s3_policy_document",
            "data.aws_iam_policy_document.terraform_user_policy_document"
          ]
        }
      ]
    },
    {
      "mode": "managed",
      "type": "aws_s3_bucket",
      "name": "log_bucket",
      "provider": "provider[\"registry.terraform.io/hashicorp/aws\"]",
      "instances": [
        {
          "schema_version": 0,
          "attributes": {
            "acceleration_status": "",
            "acl": null,
            "arn": "arn:aws:s3:::jsc-dev-logging-s3",
            "bucket": "jsc-dev-logging-s3",
            "bucket_domain_name": "jsc-dev-logging-s3.s3.amazonaws.com",
            "bucket_prefix": "",
            "bucket_regional_domain_name": "jsc-dev-logging-s3.s3.eu-central-1.amazonaws.com",
            "cors_rule": [],
            "force_destroy": false,
            "grant": [
              {
                "id": "9700bb22795fb0b528d5e8464a6e418c960308f771f2d54d5b0efff559868429",
                "permissions": [
                  "FULL_CONTROL"
                ],
                "type": "CanonicalUser",
                "uri": ""
              }
            ],
            "hosted_zone_id": "Z21DNDUVLTQW6Q",
            "id": "jsc-dev-logging-s3",
            "lifecycle_rule": [],
            "logging": [],
            "object_lock_configuration": [],
            "object_lock_enabled": false,
            "policy": "",
            "region": "eu-central-1",
            "replication_configuration": [],
            "request_payer": "BucketOwner",
            "server_side_encryption_configuration": [
              {
                "rule": [
                  {
                    "apply_server_side_encryption_by_default": [
                      {
                        "kms_master_key_id": "",
                        "sse_algorithm": "AES256"
                      }
                    ],
                    "bucket_key_enabled": false
                  }
                ]
              }
            ],
            "tags": {
              "Environment": "jsc-dev",
              "Project": "jsc-Infrastructure"
            },
            "tags_all": {
              "Environment": "jsc-dev",
              "Project": "jsc-Infrastructure",
              "owner": "jsc"
            },
            "timeouts": null,
            "versioning": [
              {
                "enabled": false,
                "mfa_delete": false
              }
            ],
            "website": [],
            "website_domain": null,
            "website_endpoint": null
          },
          "sensitive_attributes": [],
          "private": "eyJlMmJmYjczMC1lY2FhLTExZTYtOGY4OC0zNDM2M2JjN2M0YzAiOnsiY3JlYXRlIjoxMjAwMDAwMDAwMDAwLCJkZWxldGUiOjM2MDAwMDAwMDAwMDAsInJlYWQiOjEyMDAwMDAwMDAwMDAsInVwZGF0ZSI6MTIwMDAwMDAwMDAwMH19"
        }
      ]
    },
    {
      "mode": "managed",
      "type": "aws_s3_bucket",
      "name": "terraform_bucket",
      "provider": "provider[\"registry.terraform.io/hashicorp/aws\"]",
      "instances": [
        {
          "schema_version": 0,
          "attributes": {
            "acceleration_status": "",
            "acl": null,
            "arn": "arn:aws:s3:::jsc-dev-state-s3",
            "bucket": "jsc-dev-state-s3",
            "bucket_domain_name": "jsc-dev-state-s3.s3.amazonaws.com",
            "bucket_prefix": "",
            "bucket_regional_domain_name": "jsc-dev-state-s3.s3.eu-central-1.amazonaws.com",
            "cors_rule": [],
            "force_destroy": false,
            "grant": [
              {
                "id": "9700bb22795fb0b528d5e8464a6e418c960308f771f2d54d5b0efff559868429",
                "permissions": [
                  "FULL_CONTROL"
                ],
                "type": "CanonicalUser",
                "uri": ""
              }
            ],
            "hosted_zone_id": "Z21DNDUVLTQW6Q",
            "id": "jsc-dev-state-s3",
            "lifecycle_rule": [],
            "logging": [
              {
                "target_bucket": "jsc-dev-logging-s3",
                "target_prefix": "log/"
              }
            ],
            "object_lock_configuration": [],
            "object_lock_enabled": false,
            "policy": "{\"Statement\":[{\"Action\":\"s3:ListBucket\",\"Effect\":\"Allow\",\"Principal\":{\"AWS\":\"arn:aws:iam::637423274851:user/dev-terraform-user\"},\"Resource\":\"arn:aws:s3:::jsc-dev-state-s3\",\"Sid\":\"User List Bucket\"},{\"Action\":[\"s3:PutObject\",\"s3:GetObject\",\"s3:DeleteObject\"],\"Effect\":\"Allow\",\"Principal\":{\"AWS\":\"arn:aws:iam::637423274851:user/dev-terraform-user\"},\"Resource\":\"arn:aws:s3:::jsc-dev-state-s3/dev/terraform/.tfstate*\",\"Sid\":\"User Access state file\"}],\"Version\":\"2012-10-17\"}",
            "region": "eu-central-1",
            "replication_configuration": [],
            "request_payer": "BucketOwner",
            "server_side_encryption_configuration": [
              {
                "rule": [
                  {
                    "apply_server_side_encryption_by_default": [
                      {
                        "kms_master_key_id": "",
                        "sse_algorithm": "AES256"
                      }
                    ],
                    "bucket_key_enabled": false
                  }
                ]
              }
            ],
            "tags": {
              "Environment": "jsc-dev",
              "Project": "jsc-Infrastructure"
            },
            "tags_all": {
              "Environment": "jsc-dev",
              "Project": "jsc-Infrastructure",
              "owner": "jsc"
            },
            "timeouts": null,
            "versioning": [
              {
                "enabled": false,
                "mfa_delete": false
              }
            ],
            "website": [],
            "website_domain": null,
            "website_endpoint": null
          },
          "sensitive_attributes": [],
          "private": "eyJlMmJmYjczMC1lY2FhLTExZTYtOGY4OC0zNDM2M2JjN2M0YzAiOnsiY3JlYXRlIjoxMjAwMDAwMDAwMDAwLCJkZWxldGUiOjM2MDAwMDAwMDAwMDAsInJlYWQiOjEyMDAwMDAwMDAwMDAsInVwZGF0ZSI6MTIwMDAwMDAwMDAwMH19"
        }
      ]
    },
    {
      "mode": "managed",
      "type": "aws_s3_bucket_logging",
      "name": "logging",
      "provider": "provider[\"registry.terraform.io/hashicorp/aws\"]",
      "instances": [
        {
          "schema_version": 0,
          "attributes": {
            "bucket": "jsc-dev-state-s3",
            "expected_bucket_owner": "",
            "id": "jsc-dev-state-s3",
            "target_bucket": "jsc-dev-logging-s3",
            "target_grant": [],
            "target_object_key_format": [],
            "target_prefix": "log/"
          },
          "sensitive_attributes": [],
          "private": "bnVsbA==",
          "dependencies": [
            "aws_s3_bucket.log_bucket",
            "aws_s3_bucket.terraform_bucket"
          ]
        }
      ]
    },
    {
      "mode": "managed",
      "type": "aws_s3_bucket_ownership_controls",
      "name": "log_bucket_controls",
      "provider": "provider[\"registry.terraform.io/hashicorp/aws\"]",
      "instances": [
        {
          "schema_version": 0,
          "attributes": {
            "bucket": "jsc-dev-logging-s3",
            "id": "jsc-dev-logging-s3",
            "rule": [
              {
                "object_ownership": "BucketOwnerPreferred"
              }
            ]
          },
          "sensitive_attributes": [],
          "private": "bnVsbA==",
          "dependencies": [
            "aws_s3_bucket.log_bucket"
          ]
        }
      ]
    },
    {
      "mode": "managed",
      "type": "aws_s3_bucket_ownership_controls",
      "name": "terraform_bucket_controls",
      "provider": "provider[\"registry.terraform.io/hashicorp/aws\"]",
      "instances": [
        {
          "schema_version": 0,
          "attributes": {
            "bucket": "jsc-dev-state-s3",
            "id": "jsc-dev-state-s3",
            "rule": [
              {
                "object_ownership": "BucketOwnerPreferred"
              }
            ]
          },
          "sensitive_attributes": [],
          "private": "bnVsbA==",
          "dependencies": [
            "aws_s3_bucket.terraform_bucket"
          ]
        }
      ]
    },
    {
      "mode": "managed",
      "type": "aws_s3_bucket_policy",
      "name": "terraform_bucket_policy",
      "provider": "provider[\"registry.terraform.io/hashicorp/aws\"]",
      "instances": [
        {
          "schema_version": 0,
          "attributes": {
            "bucket": "jsc-dev-state-s3",
            "id": "jsc-dev-state-s3",
            "policy": "{\"Statement\":[{\"Action\":\"s3:ListBucket\",\"Effect\":\"Allow\",\"Principal\":{\"AWS\":\"arn:aws:iam::637423274851:user/dev-terraform-user\"},\"Resource\":\"arn:aws:s3:::jsc-dev-state-s3\",\"Sid\":\"User List Bucket\"},{\"Action\":[\"s3:PutObject\",\"s3:GetObject\",\"s3:DeleteObject\"],\"Effect\":\"Allow\",\"Principal\":{\"AWS\":\"arn:aws:iam::637423274851:user/dev-terraform-user\"},\"Resource\":\"arn:aws:s3:::jsc-dev-state-s3/dev/terraform/.tfstate*\",\"Sid\":\"User Access state file\"}],\"Version\":\"2012-10-17\"}"
          },
          "sensitive_attributes": [],
          "private": "bnVsbA==",
          "dependencies": [
            "aws_iam_user.terraform_user",
            "aws_s3_bucket.terraform_bucket",
            "data.aws_iam_policy_document.terraform_bucket_policy_document"
          ]
        }
      ]
    }
  ],
  "check_results": [
    {
      "object_kind": "var",
      "config_addr": "var.log_bucket_versioning",
      "status": "pass",
      "objects": [
        {
          "object_addr": "var.log_bucket_versioning",
          "status": "pass"
        }
      ]
    }
  ]
}
